
Microsoft Visual Studio Solution File, Format Version 12.00
# Visual Studio Version 17
VisualStudioVersion = 17.14.36301.6 d17.14
MinimumVisualStudioVersion = 10.0.40219.1
Project("{FAE04EC0-301F-11D3-BF4B-00C04F79EFBC}") = "College Management System", "College Management System.csproj", "{7CF57BED-5760-4051-AC40-A54DBCB81328}"
EndProject
Global
	GlobalSection(SolutionConfigurationPlatforms) = preSolution
		Debug|Any CPU = Debug|Any CPU
		Release|Any CPU = Release|Any CPU
	EndGlobalSection
	GlobalSection(ProjectConfigurationPlatforms) = postSolution
		{7CF57BED-5760-4051-AC40-A54DBCB81328}.Debug|Any CPU.ActiveCfg = Debug|Any CPU
		{7CF57BED-5760-4051-AC40-A54DBCB81328}.Debug|Any CPU.Build.0 = Debug|Any CPU
		{7CF57BED-5760-4051-AC40-A54DBCB81328}.Release|Any CPU.ActiveCfg = Release|Any CPU
		{7CF57BED-5760-4051-AC40-A54DBCB81328}.Release|Any CPU.Build.0 = Release|Any CPU
	EndGlobalSection
	GlobalSection(SolutionProperties) = preSolution
		HideSolutionNode = FALSE
	EndGlobalSection
	GlobalSection(ExtensibilityGlobals) = postSolution
		SolutionGuid = {29C84499-7BF6-4A3D-9457-8A0BFFE2F342}
	EndGlobalSection
EndGlobal
